
Microsoft Visual Studio Solution File, Format Version 12.00
# Visual Studio Version 17
VisualStudioVersion = 17.11.35219.272
MinimumVisualStudioVersion = 10.0.40219.1
Project("{FAE04EC0-301F-11D3-BF4B-00C04F79EFBC}") = "AlonzoEA1 316LA - Grade Calculator", "AlonzoEA1 316LA - Grade Calculator\AlonzoEA1 316LA - Grade Calculator.csproj", "{64526202-CF8E-4C15-9E35-1467EBB0FE94}"
EndProject
Global
	GlobalSection(SolutionConfigurationPlatforms) = preSolution
		Debug|Any CPU = Debug|Any CPU
		Release|Any CPU = Release|Any CPU
	EndGlobalSection
	GlobalSection(ProjectConfigurationPlatforms) = postSolution
		{64526202-CF8E-4C15-9E35-1467EBB0FE94}.Debug|Any CPU.ActiveCfg = Debug|Any CPU
		{64526202-CF8E-4C15-9E35-1467EBB0FE94}.Debug|Any CPU.Build.0 = Debug|Any CPU
		{64526202-CF8E-4C15-9E35-1467EBB0FE94}.Release|Any CPU.ActiveCfg = Release|Any CPU
		{64526202-CF8E-4C15-9E35-1467EBB0FE94}.Release|Any CPU.Build.0 = Release|Any CPU
	EndGlobalSection
	GlobalSection(SolutionProperties) = preSolution
		HideSolutionNode = FALSE
	EndGlobalSection
	GlobalSection(ExtensibilityGlobals) = postSolution
		SolutionGuid = {24A4A50F-1367-437C-A487-6C1A1D6B4F37}
	EndGlobalSection
EndGlobal
