
Microsoft Visual Studio Solution File, Format Version 12.00
# Visual Studio Version 17
VisualStudioVersion = 17.11.35219.272
MinimumVisualStudioVersion = 10.0.40219.1
Project("{FAE04EC0-301F-11D3-BF4B-00C04F79EFBC}") = "Alonzo_WebAppStudentGrades", "Alonzo_WebAppStudentGrades\Alonzo_WebAppStudentGrades.csproj", "{A1F6498F-87C1-4CBF-8200-C6BEEF4ACEB8}"
EndProject
Global
	GlobalSection(SolutionConfigurationPlatforms) = preSolution
		Debug|Any CPU = Debug|Any CPU
		Release|Any CPU = Release|Any CPU
	EndGlobalSection
	GlobalSection(ProjectConfigurationPlatforms) = postSolution
		{A1F6498F-87C1-4CBF-8200-C6BEEF4ACEB8}.Debug|Any CPU.ActiveCfg = Debug|Any CPU
		{A1F6498F-87C1-4CBF-8200-C6BEEF4ACEB8}.Debug|Any CPU.Build.0 = Debug|Any CPU
		{A1F6498F-87C1-4CBF-8200-C6BEEF4ACEB8}.Release|Any CPU.ActiveCfg = Release|Any CPU
		{A1F6498F-87C1-4CBF-8200-C6BEEF4ACEB8}.Release|Any CPU.Build.0 = Release|Any CPU
	EndGlobalSection
	GlobalSection(SolutionProperties) = preSolution
		HideSolutionNode = FALSE
	EndGlobalSection
	GlobalSection(ExtensibilityGlobals) = postSolution
		SolutionGuid = {7B0D4471-8D5F-4FD2-A0D8-D9889B54C3A5}
	EndGlobalSection
EndGlobal
