
Microsoft Visual Studio Solution File, Format Version 12.00
# Visual Studio Version 17
VisualStudioVersion = 17.11.35219.272
MinimumVisualStudioVersion = 10.0.40219.1
Project("{FAE04EC0-301F-11D3-BF4B-00C04F79EFBC}") = "Alonzo_NewbookRecords", "Alonzo_NewbookRecords\Alonzo_NewbookRecords.csproj", "{508FA19C-4D86-4CB3-AE4A-7766D9F6C631}"
EndProject
Global
	GlobalSection(SolutionConfigurationPlatforms) = preSolution
		Debug|Any CPU = Debug|Any CPU
		Release|Any CPU = Release|Any CPU
	EndGlobalSection
	GlobalSection(ProjectConfigurationPlatforms) = postSolution
		{508FA19C-4D86-4CB3-AE4A-7766D9F6C631}.Debug|Any CPU.ActiveCfg = Debug|Any CPU
		{508FA19C-4D86-4CB3-AE4A-7766D9F6C631}.Debug|Any CPU.Build.0 = Debug|Any CPU
		{508FA19C-4D86-4CB3-AE4A-7766D9F6C631}.Release|Any CPU.ActiveCfg = Release|Any CPU
		{508FA19C-4D86-4CB3-AE4A-7766D9F6C631}.Release|Any CPU.Build.0 = Release|Any CPU
	EndGlobalSection
	GlobalSection(SolutionProperties) = preSolution
		HideSolutionNode = FALSE
	EndGlobalSection
	GlobalSection(ExtensibilityGlobals) = postSolution
		SolutionGuid = {0D0D53BA-1CF5-48AE-82B5-CFA3DBC1C4B1}
	EndGlobalSection
EndGlobal
